// !$*UTF8*$!
{
	archiveVersion = 1;
	classes = {
	};
	objectVersion = 46;
	objects = {

/* Begin PBXBuildFile section */
		18EB634C1ACC70F200EF1C28 /* Localizable.strings in Resources */ = {isa = PBXBuildFile; fileRef = 18EB634B1ACC70F200EF1C28 /* Localizable.strings */; };
		8F467BD01D18B02E00682E4C /* Background.fragsh in Resources */ = {isa = PBXBuildFile; fileRef = 8F467BCE1D18B02E00682E4C /* Background.fragsh */; };
		8F467BD11D18B02E00682E4C /* Background.vertsh in Resources */ = {isa = PBXBuildFile; fileRef = 8F467BCF1D18B02E00682E4C /* Background.vertsh */; };
		8F8B90291CECE153000A7BAD /* SimpleWithColor.fragsh in Resources */ = {isa = PBXBuildFile; fileRef = 8F8B90281CECE153000A7BAD /* SimpleWithColor.fragsh */; };
		D21B07EC1A1B4AA20041ECF3 /* main.m in Sources */ = {isa = PBXBuildFile; fileRef = D21B07EB1A1B4AA20041ECF3 /* main.m */; };
		D21B07EF1A1B4AA20041ECF3 /* ModelTargetsAppDelegate.m in Sources */ = {isa = PBXBuildFile; fileRef = D21B07EE1A1B4AA20041ECF3 /* ModelTargetsAppDelegate.m */; };
		D21B07F71A1B4AA20041ECF3 /* Images.xcassets in Resources */ = {isa = PBXBuildFile; fileRef = D21B07F61A1B4AA20041ECF3 /* Images.xcassets */; };
		D21B082D1A1B555B0041ECF3 /* SampleAppAboutViewController.m in Sources */ = {isa = PBXBuildFile; fileRef = D21B082C1A1B555B0041ECF3 /* SampleAppAboutViewController.m */; };
		D21B085B1A1B698A0041ECF3 /* SampleApplication3DModel.m in Sources */ = {isa = PBXBuildFile; fileRef = D21B08511A1B698A0041ECF3 /* SampleApplication3DModel.m */; };
		D21B085C1A1B698A0041ECF3 /* SampleApplicationSession.mm in Sources */ = {isa = PBXBuildFile; fileRef = D21B08531A1B698A0041ECF3 /* SampleApplicationSession.mm */; };
		D21B085D1A1B698A0041ECF3 /* SampleApplicationShaderUtils.m in Sources */ = {isa = PBXBuildFile; fileRef = D21B08551A1B698A0041ECF3 /* SampleApplicationShaderUtils.m */; };
		D21B085E1A1B698A0041ECF3 /* SampleApplicationUtils.cpp in Sources */ = {isa = PBXBuildFile; fileRef = D21B08561A1B698A0041ECF3 /* SampleApplicationUtils.cpp */; };
		D21B085F1A1B698A0041ECF3 /* Texture.mm in Sources */ = {isa = PBXBuildFile; fileRef = D21B085A1A1B698A0041ECF3 /* Texture.mm */; };
		D21B08651A1B69A10041ECF3 /* Line.fragsh in Resources */ = {isa = PBXBuildFile; fileRef = D21B08611A1B69A10041ECF3 /* Line.fragsh */; };
		D21B08661A1B69A10041ECF3 /* Line.vertsh in Resources */ = {isa = PBXBuildFile; fileRef = D21B08621A1B69A10041ECF3 /* Line.vertsh */; };
		D21B08671A1B69A10041ECF3 /* Simple.fragsh in Resources */ = {isa = PBXBuildFile; fileRef = D21B08631A1B69A10041ECF3 /* Simple.fragsh */; };
		D21B08681A1B69A10041ECF3 /* Simple.vertsh in Resources */ = {isa = PBXBuildFile; fileRef = D21B08641A1B69A10041ECF3 /* Simple.vertsh */; };
		D21B08711A1B6AD60041ECF3 /* AVFoundation.framework in Frameworks */ = {isa = PBXBuildFile; fileRef = D21B08691A1B6AD60041ECF3 /* AVFoundation.framework */; };
		D21B08721A1B6AD60041ECF3 /* CoreFoundation.framework in Frameworks */ = {isa = PBXBuildFile; fileRef = D21B086A1A1B6AD60041ECF3 /* CoreFoundation.framework */; };
		D21B08731A1B6AD60041ECF3 /* CoreGraphics.framework in Frameworks */ = {isa = PBXBuildFile; fileRef = D21B086B1A1B6AD60041ECF3 /* CoreGraphics.framework */; };
		D21B08741A1B6AD60041ECF3 /* OpenGLES.framework in Frameworks */ = {isa = PBXBuildFile; fileRef = D21B086C1A1B6AD60041ECF3 /* OpenGLES.framework */; };
		D21B08751A1B6AD60041ECF3 /* QuartzCore.framework in Frameworks */ = {isa = PBXBuildFile; fileRef = D21B086D1A1B6AD60041ECF3 /* QuartzCore.framework */; };
		D21B08761A1B6AD60041ECF3 /* Security.framework in Frameworks */ = {isa = PBXBuildFile; fileRef = D21B086E1A1B6AD60041ECF3 /* Security.framework */; };
		D21B08771A1B6AD60041ECF3 /* SystemConfiguration.framework in Frameworks */ = {isa = PBXBuildFile; fileRef = D21B086F1A1B6AD60041ECF3 /* SystemConfiguration.framework */; };
		D21B08781A1B6AD60041ECF3 /* UIKit.framework in Frameworks */ = {isa = PBXBuildFile; fileRef = D21B08701A1B6AD60041ECF3 /* UIKit.framework */; };
		D21B087A1A1B6AEA0041ECF3 /* libVuforia.a in Frameworks */ = {isa = PBXBuildFile; fileRef = D21B08791A1B6AEA0041ECF3 /* libVuforia.a */; };
		D21B087E1A1B6E1E0041ECF3 /* CoreMotion.framework in Frameworks */ = {isa = PBXBuildFile; fileRef = D21B087C1A1B6E1E0041ECF3 /* CoreMotion.framework */; };
		D21B087F1A1B6E1E0041ECF3 /* Foundation.framework in Frameworks */ = {isa = PBXBuildFile; fileRef = D21B087D1A1B6E1E0041ECF3 /* Foundation.framework */; };
		D21B08811A1B71190041ECF3 /* CoreMedia.framework in Frameworks */ = {isa = PBXBuildFile; fileRef = D21B08801A1B71190041ECF3 /* CoreMedia.framework */; };
		D249EFE01A91E07100B56674 /* (null) in Sources */ = {isa = PBXBuildFile; };
		D28C51241A8B5B8C000B6C9A /* MediaPlayer.framework in Frameworks */ = {isa = PBXBuildFile; fileRef = D28C51231A8B5B8C000B6C9A /* MediaPlayer.framework */; };
		D28C51261A8B5BC9000B6C9A /* AudioToolbox.framework in Frameworks */ = {isa = PBXBuildFile; fileRef = D28C51251A8B5BC9000B6C9A /* AudioToolbox.framework */; };
		D845C4471E5666C2000F6146 /* reset_icon.png in Resources */ = {isa = PBXBuildFile; fileRef = D845C4461E5666C2000F6146 /* reset_icon.png */; };
		D845C4671E5E5006000F6146 /* DiffuseLight.vertsh in Resources */ = {isa = PBXBuildFile; fileRef = D845C4661E5E5006000F6146 /* DiffuseLight.vertsh */; };
		D845C4691E5E5026000F6146 /* DiffuseLight.fragsh in Resources */ = {isa = PBXBuildFile; fileRef = D845C4681E5E5026000F6146 /* DiffuseLight.fragsh */; };
		D845C46B1E5E6152000F6146 /* GLKit.framework in Frameworks */ = {isa = PBXBuildFile; fileRef = D845C46A1E5E6152000F6146 /* GLKit.framework */; };
		D84B1CA01FB11BD800A48629 /* VuforiaMars_ModelTarget.dat in Resources */ = {isa = PBXBuildFile; fileRef = D84B1C9E1FB11B6E00A48629 /* VuforiaMars_ModelTarget.dat */; };
		D84B1CA11FB11BDC00A48629 /* VuforiaMars_ModelTarget.xml in Resources */ = {isa = PBXBuildFile; fileRef = D84B1C9F1FB11B6E00A48629 /* VuforiaMars_ModelTarget.xml */; };
		D84B1CA31FB2481D00A48629 /* Diffuse.jpg in Resources */ = {isa = PBXBuildFile; fileRef = D84B1CA21FB247F500A48629 /* Diffuse.jpg */; };
		D855C7D51D63DDD3007E3465 /* SampleAppRenderer.mm in Sources */ = {isa = PBXBuildFile; fileRef = D855C7D41D63DDD3007E3465 /* SampleAppRenderer.mm */; };
		D8C23E7E1E29A42C00EF6733 /* MD_about.html in Resources */ = {isa = PBXBuildFile; fileRef = D8C23E7D1E29A42C00EF6733 /* MD_about.html */; };
		D8C23E851E2D6E6100EF6733 /* MD_about.html in Resources */ = {isa = PBXBuildFile; fileRef = D8C23E7F1E2D6E6100EF6733 /* MD_about.html */; };
		D8E61DA31E468C9F0051EA51 /* SimpleTexturedColor.fragsh in Resources */ = {isa = PBXBuildFile; fileRef = D8E61DA21E468C9F0051EA51 /* SimpleTexturedColor.fragsh */; };
		FB1024EC1A82814000A2536F /* PresentMenuSegue.m in Sources */ = {isa = PBXBuildFile; fileRef = FB1024E91A82814000A2536F /* PresentMenuSegue.m */; };
		FB1024ED1A82814000A2536F /* UnwindMenuSegue.m in Sources */ = {isa = PBXBuildFile; fileRef = FB1024EB1A82814000A2536F /* UnwindMenuSegue.m */; };
		FB2F73C11A7FD5920098C5DD /* SampleAppMenuViewController.mm in Sources */ = {isa = PBXBuildFile; fileRef = FB2F73C01A7FD5920098C5DD /* SampleAppMenuViewController.mm */; };
		FB7A43501A8E38AB0068CF5E /* ModelTargetsEAGLView.mm in Sources */ = {isa = PBXBuildFile; fileRef = FB7A434D1A8E38AB0068CF5E /* ModelTargetsEAGLView.mm */; };
		FB7A43511A8E38AB0068CF5E /* ModelTargetsViewController.mm in Sources */ = {isa = PBXBuildFile; fileRef = FB7A434F1A8E38AB0068CF5E /* ModelTargetsViewController.mm */; };
		FB7A43631A8E49BA0068CF5E /* SampleAppSelectorViewController.m in Sources */ = {isa = PBXBuildFile; fileRef = FB7A43621A8E49BA0068CF5E /* SampleAppSelectorViewController.m */; };
		FBEFAEC81A8283F8002B4D62 /* Main.storyboard in Resources */ = {isa = PBXBuildFile; fileRef = FBEFAEC61A8283F8002B4D62 /* Main.storyboard */; };
		FF0FD9011E7B6DE300296068 /* Lander.v3d in Resources */ = {isa = PBXBuildFile; fileRef = FF0FD9001E7B6DE300296068 /* Lander.v3d */; };
		FF0FD9081E7B6E2A00296068 /* Modelv3d.mm in Sources */ = {isa = PBXBuildFile; fileRef = FF0FD9061E7B6E2A00296068 /* Modelv3d.mm */; };
/* End PBXBuildFile section */

/* Begin PBXFileReference section */
		18EB634B1ACC70F200EF1C28 /* Localizable.strings */ = {isa = PBXFileReference; fileEncoding = 4; lastKnownFileType = text.plist.strings; path = Localizable.strings; sourceTree = "<group>"; };
		8F467BCE1D18B02E00682E4C /* Background.fragsh */ = {isa = PBXFileReference; fileEncoding = 4; lastKnownFileType = text; name = Background.fragsh; path = Classes/SampleApplication/shaders/Background.fragsh; sourceTree = "<group>"; };
		8F467BCF1D18B02E00682E4C /* Background.vertsh */ = {isa = PBXFileReference; fileEncoding = 4; lastKnownFileType = text; name = Background.vertsh; path = Classes/SampleApplication/shaders/Background.vertsh; sourceTree = "<group>"; };
		8F8B90281CECE153000A7BAD /* SimpleWithColor.fragsh */ = {isa = PBXFileReference; fileEncoding = 4; lastKnownFileType = text; name = SimpleWithColor.fragsh; path = Classes/SampleApplication/shaders/SimpleWithColor.fragsh; sourceTree = "<group>"; };
		D21B07E61A1B4AA20041ECF3 /* ModelTargets.app */ = {isa = PBXFileReference; explicitFileType = wrapper.application; includeInIndex = 0; path = ModelTargets.app; sourceTree = BUILT_PRODUCTS_DIR; };
		D21B07EB1A1B4AA20041ECF3 /* main.m */ = {isa = PBXFileReference; lastKnownFileType = sourcecode.c.objc; path = main.m; sourceTree = "<group>"; };
		D21B07ED1A1B4AA20041ECF3 /* ModelTargetsAppDelegate.h */ = {isa = PBXFileReference; lastKnownFileType = sourcecode.c.h; path = ModelTargetsAppDelegate.h; sourceTree = "<group>"; };
		D21B07EE1A1B4AA20041ECF3 /* ModelTargetsAppDelegate.m */ = {isa = PBXFileReference; lastKnownFileType = sourcecode.c.objc; path = ModelTargetsAppDelegate.m; sourceTree = "<group>"; };
		D21B07F61A1B4AA20041ECF3 /* Images.xcassets */ = {isa = PBXFileReference; lastKnownFileType = folder.assetcatalog; path = Images.xcassets; sourceTree = "<group>"; };
		D21B08291A1B50E20041ECF3 /* ModelTargets-Info.plist */ = {isa = PBXFileReference; fileEncoding = 4; lastKnownFileType = text.plist.xml; path = "ModelTargets-Info.plist"; sourceTree = "<group>"; };
		D21B082B1A1B555B0041ECF3 /* SampleAppAboutViewController.h */ = {isa = PBXFileReference; fileEncoding = 4; lastKnownFileType = sourcecode.c.h; name = SampleAppAboutViewController.h; path = Classes/SampleAppUI/SampleAppAboutViewController.h; sourceTree = "<group>"; };
		D21B082C1A1B555B0041ECF3 /* SampleAppAboutViewController.m */ = {isa = PBXFileReference; fileEncoding = 4; lastKnownFileType = sourcecode.c.objc; name = SampleAppAboutViewController.m; path = Classes/SampleAppUI/SampleAppAboutViewController.m; sourceTree = "<group>"; };
		D21B084F1A1B698A0041ECF3 /* Quad.h */ = {isa = PBXFileReference; fileEncoding = 4; lastKnownFileType = sourcecode.c.h; name = Quad.h; path = Classes/SampleApplication/Quad.h; sourceTree = "<group>"; };
		D21B08501A1B698A0041ECF3 /* SampleApplication3DModel.h */ = {isa = PBXFileReference; fileEncoding = 4; lastKnownFileType = sourcecode.c.h; name = SampleApplication3DModel.h; path = Classes/SampleApplication/SampleApplication3DModel.h; sourceTree = "<group>"; };
		D21B08511A1B698A0041ECF3 /* SampleApplication3DModel.m */ = {isa = PBXFileReference; fileEncoding = 4; lastKnownFileType = sourcecode.c.objc; name = SampleApplication3DModel.m; path = Classes/SampleApplication/SampleApplication3DModel.m; sourceTree = "<group>"; };
		D21B08521A1B698A0041ECF3 /* SampleApplicationSession.h */ = {isa = PBXFileReference; fileEncoding = 4; lastKnownFileType = sourcecode.c.h; name = SampleApplicationSession.h; path = Classes/SampleApplication/SampleApplicationSession.h; sourceTree = "<group>"; };
		D21B08531A1B698A0041ECF3 /* SampleApplicationSession.mm */ = {isa = PBXFileReference; fileEncoding = 4; lastKnownFileType = sourcecode.cpp.objcpp; name = SampleApplicationSession.mm; path = Classes/SampleApplication/SampleApplicationSession.mm; sourceTree = "<group>"; };
		D21B08541A1B698A0041ECF3 /* SampleApplicationShaderUtils.h */ = {isa = PBXFileReference; fileEncoding = 4; lastKnownFileType = sourcecode.c.h; name = SampleApplicationShaderUtils.h; path = Classes/SampleApplication/SampleApplicationShaderUtils.h; sourceTree = "<group>"; };
		D21B08551A1B698A0041ECF3 /* SampleApplicationShaderUtils.m */ = {isa = PBXFileReference; fileEncoding = 4; lastKnownFileType = sourcecode.c.objc; name = SampleApplicationShaderUtils.m; path = Classes/SampleApplication/SampleApplicationShaderUtils.m; sourceTree = "<group>"; };
		D21B08561A1B698A0041ECF3 /* SampleApplicationUtils.cpp */ = {isa = PBXFileReference; fileEncoding = 4; lastKnownFileType = sourcecode.cpp.cpp; name = SampleApplicationUtils.cpp; path = Classes/SampleApplication/SampleApplicationUtils.cpp; sourceTree = "<group>"; };
		D21B08571A1B698A0041ECF3 /* SampleApplicationUtils.h */ = {isa = PBXFileReference; fileEncoding = 4; lastKnownFileType = sourcecode.c.h; name = SampleApplicationUtils.h; path = Classes/SampleApplication/SampleApplicationUtils.h; sourceTree = "<group>"; };
		D21B08581A1B698A0041ECF3 /* Teapot.h */ = {isa = PBXFileReference; fileEncoding = 4; lastKnownFileType = sourcecode.c.h; name = Teapot.h; path = Classes/SampleApplication/Teapot.h; sourceTree = "<group>"; };
		D21B08591A1B698A0041ECF3 /* Texture.h */ = {isa = PBXFileReference; fileEncoding = 4; lastKnownFileType = sourcecode.c.h; name = Texture.h; path = Classes/SampleApplication/Texture.h; sourceTree = "<group>"; };
		D21B085A1A1B698A0041ECF3 /* Texture.mm */ = {isa = PBXFileReference; fileEncoding = 4; lastKnownFileType = sourcecode.cpp.objcpp; name = Texture.mm; path = Classes/SampleApplication/Texture.mm; sourceTree = "<group>"; };
		D21B08611A1B69A10041ECF3 /* Line.fragsh */ = {isa = PBXFileReference; fileEncoding = 4; lastKnownFileType = text; name = Line.fragsh; path = Classes/SampleApplication/shaders/Line.fragsh; sourceTree = "<group>"; };
		D21B08621A1B69A10041ECF3 /* Line.vertsh */ = {isa = PBXFileReference; fileEncoding = 4; lastKnownFileType = text; name = Line.vertsh; path = Classes/SampleApplication/shaders/Line.vertsh; sourceTree = "<group>"; };
		D21B08631A1B69A10041ECF3 /* Simple.fragsh */ = {isa = PBXFileReference; fileEncoding = 4; lastKnownFileType = text; name = Simple.fragsh; path = Classes/SampleApplication/shaders/Simple.fragsh; sourceTree = "<group>"; };
		D21B08641A1B69A10041ECF3 /* Simple.vertsh */ = {isa = PBXFileReference; fileEncoding = 4; lastKnownFileType = text; name = Simple.vertsh; path = Classes/SampleApplication/shaders/Simple.vertsh; sourceTree = "<group>"; };
		D21B08691A1B6AD60041ECF3 /* AVFoundation.framework */ = {isa = PBXFileReference; lastKnownFileType = wrapper.framework; name = AVFoundation.framework; path = System/Library/Frameworks/AVFoundation.framework; sourceTree = SDKROOT; };
		D21B086A1A1B6AD60041ECF3 /* CoreFoundation.framework */ = {isa = PBXFileReference; lastKnownFileType = wrapper.framework; name = CoreFoundation.framework; path = System/Library/Frameworks/CoreFoundation.framework; sourceTree = SDKROOT; };
		D21B086B1A1B6AD60041ECF3 /* CoreGraphics.framework */ = {isa = PBXFileReference; lastKnownFileType = wrapper.framework; name = CoreGraphics.framework; path = System/Library/Frameworks/CoreGraphics.framework; sourceTree = SDKROOT; };
		D21B086C1A1B6AD60041ECF3 /* OpenGLES.framework */ = {isa = PBXFileReference; lastKnownFileType = wrapper.framework; name = OpenGLES.framework; path = System/Library/Frameworks/OpenGLES.framework; sourceTree = SDKROOT; };
		D21B086D1A1B6AD60041ECF3 /* QuartzCore.framework */ = {isa = PBXFileReference; lastKnownFileType = wrapper.framework; name = QuartzCore.framework; path = System/Library/Frameworks/QuartzCore.framework; sourceTree = SDKROOT; };
		D21B086E1A1B6AD60041ECF3 /* Security.framework */ = {isa = PBXFileReference; lastKnownFileType = wrapper.framework; name = Security.framework; path = System/Library/Frameworks/Security.framework; sourceTree = SDKROOT; };
		D21B086F1A1B6AD60041ECF3 /* SystemConfiguration.framework */ = {isa = PBXFileReference; lastKnownFileType = wrapper.framework; name = SystemConfiguration.framework; path = System/Library/Frameworks/SystemConfiguration.framework; sourceTree = SDKROOT; };
		D21B08701A1B6AD60041ECF3 /* UIKit.framework */ = {isa = PBXFileReference; lastKnownFileType = wrapper.framework; name = UIKit.framework; path = System/Library/Frameworks/UIKit.framework; sourceTree = SDKROOT; };
		D21B08791A1B6AEA0041ECF3 /* libVuforia.a */ = {isa = PBXFileReference; lastKnownFileType = archive.ar; name = libVuforia.a; path = ../../build/lib/arm/libVuforia.a; sourceTree = "<group>"; };
		D21B087C1A1B6E1E0041ECF3 /* CoreMotion.framework */ = {isa = PBXFileReference; lastKnownFileType = wrapper.framework; name = CoreMotion.framework; path = System/Library/Frameworks/CoreMotion.framework; sourceTree = SDKROOT; };
		D21B087D1A1B6E1E0041ECF3 /* Foundation.framework */ = {isa = PBXFileReference; lastKnownFileType = wrapper.framework; name = Foundation.framework; path = System/Library/Frameworks/Foundation.framework; sourceTree = SDKROOT; };
		D21B08801A1B71190041ECF3 /* CoreMedia.framework */ = {isa = PBXFileReference; lastKnownFileType = wrapper.framework; name = CoreMedia.framework; path = System/Library/Frameworks/CoreMedia.framework; sourceTree = SDKROOT; };
		D28C51231A8B5B8C000B6C9A /* MediaPlayer.framework */ = {isa = PBXFileReference; lastKnownFileType = wrapper.framework; name = MediaPlayer.framework; path = System/Library/Frameworks/MediaPlayer.framework; sourceTree = SDKROOT; };
		D28C51251A8B5BC9000B6C9A /* AudioToolbox.framework */ = {isa = PBXFileReference; lastKnownFileType = wrapper.framework; name = AudioToolbox.framework; path = System/Library/Frameworks/AudioToolbox.framework; sourceTree = SDKROOT; };
		D845C4461E5666C2000F6146 /* reset_icon.png */ = {isa = PBXFileReference; lastKnownFileType = image.png; name = reset_icon.png; path = Resources/Assets/reset_icon.png; sourceTree = "<group>"; };
		D845C4661E5E5006000F6146 /* DiffuseLight.vertsh */ = {isa = PBXFileReference; explicitFileType = sourcecode.glsl; fileEncoding = 4; name = DiffuseLight.vertsh; path = Classes/SampleApplication/shaders/DiffuseLight.vertsh; sourceTree = "<group>"; };
		D845C4681E5E5026000F6146 /* DiffuseLight.fragsh */ = {isa = PBXFileReference; fileEncoding = 4; lastKnownFileType = text; name = DiffuseLight.fragsh; path = Classes/SampleApplication/shaders/DiffuseLight.fragsh; sourceTree = "<group>"; };
		D845C46A1E5E6152000F6146 /* GLKit.framework */ = {isa = PBXFileReference; lastKnownFileType = wrapper.framework; name = GLKit.framework; path = System/Library/Frameworks/GLKit.framework; sourceTree = SDKROOT; };
		D84B1C9E1FB11B6E00A48629 /* VuforiaMars_ModelTarget.dat */ = {isa = PBXFileReference; lastKnownFileType = file; name = VuforiaMars_ModelTarget.dat; path = Resources/Assets/VuforiaMars_ModelTarget.dat; sourceTree = "<group>"; };
		D84B1C9F1FB11B6E00A48629 /* VuforiaMars_ModelTarget.xml */ = {isa = PBXFileReference; lastKnownFileType = text.xml; name = VuforiaMars_ModelTarget.xml; path = Resources/Assets/VuforiaMars_ModelTarget.xml; sourceTree = "<group>"; };
		D84B1CA21FB247F500A48629 /* Diffuse.jpg */ = {isa = PBXFileReference; lastKnownFileType = image.jpeg; name = Diffuse.jpg; path = Resources/Assets/Diffuse.jpg; sourceTree = "<group>"; };
		D84B1CA41FB3AB3000A48629 /* Preview.png */ = {isa = PBXFileReference; lastKnownFileType = image.png; name = Preview.png; path = Resources/Assets/Preview.png; sourceTree = "<group>"; };
		D855C7D31D63DDD3007E3465 /* SampleAppRenderer.h */ = {isa = PBXFileReference; fileEncoding = 4; lastKnownFileType = sourcecode.c.h; name = SampleAppRenderer.h; path = Classes/SampleApplication/SampleAppRenderer.h; sourceTree = "<group>"; };
		D855C7D41D63DDD3007E3465 /* SampleAppRenderer.mm */ = {isa = PBXFileReference; fileEncoding = 4; lastKnownFileType = sourcecode.cpp.objcpp; name = SampleAppRenderer.mm; path = Classes/SampleApplication/SampleAppRenderer.mm; sourceTree = "<group>"; };
		D8C23E7D1E29A42C00EF6733 /* MD_about.html */ = {isa = PBXFileReference; fileEncoding = 4; lastKnownFileType = text.html; name = MD_about.html; path = Resources/Assets/MD_about.html; sourceTree = "<group>"; };
		D8C23E7F1E2D6E6100EF6733 /* MD_about.html */ = {isa = PBXFileReference; fileEncoding = 4; lastKnownFileType = text.html; name = MD_about.html; path = Resources/Assets/MD_about.html; sourceTree = "<group>"; };
		D8C23E8B1E2D762000EF6733 /* Cube.h */ = {isa = PBXFileReference; lastKnownFileType = sourcecode.c.h; path = Cube.h; sourceTree = "<group>"; };
		D8E61DA21E468C9F0051EA51 /* SimpleTexturedColor.fragsh */ = {isa = PBXFileReference; fileEncoding = 4; lastKnownFileType = text; name = SimpleTexturedColor.fragsh; path = Classes/SampleApplication/shaders/SimpleTexturedColor.fragsh; sourceTree = "<group>"; };
		FB1024CF1A827FC000A2536F /* SampleGLResourceHandler.h */ = {isa = PBXFileReference; fileEncoding = 4; lastKnownFileType = sourcecode.c.h; name = SampleGLResourceHandler.h; path = Classes/SampleApplication/SampleGLResourceHandler.h; sourceTree = "<group>"; };
		FB1024E81A82814000A2536F /* PresentMenuSegue.h */ = {isa = PBXFileReference; fileEncoding = 4; lastKnownFileType = sourcecode.c.h; name = PresentMenuSegue.h; path = Classes/SampleAppUI/Transitions/PresentMenuSegue.h; sourceTree = "<group>"; };
		FB1024E91A82814000A2536F /* PresentMenuSegue.m */ = {isa = PBXFileReference; fileEncoding = 4; lastKnownFileType = sourcecode.c.objc; name = PresentMenuSegue.m; path = Classes/SampleAppUI/Transitions/PresentMenuSegue.m; sourceTree = "<group>"; };
		FB1024EA1A82814000A2536F /* UnwindMenuSegue.h */ = {isa = PBXFileReference; fileEncoding = 4; lastKnownFileType = sourcecode.c.h; name = UnwindMenuSegue.h; path = Classes/SampleAppUI/Transitions/UnwindMenuSegue.h; sourceTree = "<group>"; };
		FB1024EB1A82814000A2536F /* UnwindMenuSegue.m */ = {isa = PBXFileReference; fileEncoding = 4; lastKnownFileType = sourcecode.c.objc; name = UnwindMenuSegue.m; path = Classes/SampleAppUI/Transitions/UnwindMenuSegue.m; sourceTree = "<group>"; };
		FB2F73BF1A7FD5920098C5DD /* SampleAppMenuViewController.h */ = {isa = PBXFileReference; fileEncoding = 4; lastKnownFileType = sourcecode.c.h; name = SampleAppMenuViewController.h; path = Classes/SampleAppUI/SampleAppMenuViewController.h; sourceTree = "<group>"; };
		FB2F73C01A7FD5920098C5DD /* SampleAppMenuViewController.mm */ = {isa = PBXFileReference; fileEncoding = 4; lastKnownFileType = sourcecode.cpp.objcpp; name = SampleAppMenuViewController.mm; path = Classes/SampleAppUI/SampleAppMenuViewController.mm; sourceTree = "<group>"; };
		FB7A434C1A8E38AB0068CF5E /* ModelTargetsEAGLView.h */ = {isa = PBXFileReference; fileEncoding = 4; lastKnownFileType = sourcecode.c.h; path = ModelTargetsEAGLView.h; sourceTree = "<group>"; };
		FB7A434D1A8E38AB0068CF5E /* ModelTargetsEAGLView.mm */ = {isa = PBXFileReference; fileEncoding = 4; lastKnownFileType = sourcecode.cpp.objcpp; path = ModelTargetsEAGLView.mm; sourceTree = "<group>"; };
		FB7A434E1A8E38AB0068CF5E /* ModelTargetsViewController.h */ = {isa = PBXFileReference; fileEncoding = 4; lastKnownFileType = sourcecode.c.h; path = ModelTargetsViewController.h; sourceTree = "<group>"; };
		FB7A434F1A8E38AB0068CF5E /* ModelTargetsViewController.mm */ = {isa = PBXFileReference; fileEncoding = 4; lastKnownFileType = sourcecode.cpp.objcpp; path = ModelTargetsViewController.mm; sourceTree = "<group>"; };
		FB7A43611A8E49BA0068CF5E /* SampleAppSelectorViewController.h */ = {isa = PBXFileReference; fileEncoding = 4; lastKnownFileType = sourcecode.c.h; name = SampleAppSelectorViewController.h; path = Classes/SampleAppUI/SampleAppSelectorViewController.h; sourceTree = "<group>"; };
		FB7A43621A8E49BA0068CF5E /* SampleAppSelectorViewController.m */ = {isa = PBXFileReference; fileEncoding = 4; lastKnownFileType = sourcecode.c.objc; name = SampleAppSelectorViewController.m; path = Classes/SampleAppUI/SampleAppSelectorViewController.m; sourceTree = "<group>"; };
		FBEFAEC71A8283F8002B4D62 /* en */ = {isa = PBXFileReference; lastKnownFileType = file.storyboard; name = en; path = en.lproj/Main.storyboard; sourceTree = "<group>"; };
		FF0FD9001E7B6DE300296068 /* Lander.v3d */ = {isa = PBXFileReference; lastKnownFileType = file; name = Lander.v3d; path = Resources/Assets/Lander.v3d; sourceTree = "<group>"; };
		FF0FD9061E7B6E2A00296068 /* Modelv3d.mm */ = {isa = PBXFileReference; fileEncoding = 4; lastKnownFileType = sourcecode.cpp.objcpp; name = Modelv3d.mm; path = Classes/SampleApplication/v3d/Modelv3d.mm; sourceTree = "<group>"; };
		FF0FD9071E7B6E2A00296068 /* Modelv3d.h */ = {isa = PBXFileReference; fileEncoding = 4; lastKnownFileType = sourcecode.c.h; name = Modelv3d.h; path = Classes/SampleApplication/v3d/Modelv3d.h; sourceTree = "<group>"; };
/* End PBXFileReference section */

/* Begin PBXFrameworksBuildPhase section */
		D21B07E31A1B4AA20041ECF3 /* Frameworks */ = {
			isa = PBXFrameworksBuildPhase;
			buildActionMask = 2147483647;
			files = (
				D845C46B1E5E6152000F6146 /* GLKit.framework in Frameworks */,
				D28C51261A8B5BC9000B6C9A /* AudioToolbox.framework in Frameworks */,
				D21B08711A1B6AD60041ECF3 /* AVFoundation.framework in Frameworks */,
				D21B08811A1B71190041ECF3 /* CoreMedia.framework in Frameworks */,
				D21B087E1A1B6E1E0041ECF3 /* CoreMotion.framework in Frameworks */,
				D21B08721A1B6AD60041ECF3 /* CoreFoundation.framework in Frameworks */,
				D21B08731A1B6AD60041ECF3 /* CoreGraphics.framework in Frameworks */,
				D21B087F1A1B6E1E0041ECF3 /* Foundation.framework in Frameworks */,
				D28C51241A8B5B8C000B6C9A /* MediaPlayer.framework in Frameworks */,
				D21B08741A1B6AD60041ECF3 /* OpenGLES.framework in Frameworks */,
				D21B08751A1B6AD60041ECF3 /* QuartzCore.framework in Frameworks */,
				D21B08761A1B6AD60041ECF3 /* Security.framework in Frameworks */,
				D21B08771A1B6AD60041ECF3 /* SystemConfiguration.framework in Frameworks */,
				D21B08781A1B6AD60041ECF3 /* UIKit.framework in Frameworks */,
				D21B087A1A1B6AEA0041ECF3 /* libVuforia.a in Frameworks */,
			);
			runOnlyForDeploymentPostprocessing = 0;
		};
/* End PBXFrameworksBuildPhase section */

/* Begin PBXGroup section */
		D21B07DD1A1B4AA10041ECF3 = {
			isa = PBXGroup;
			children = (
				D21B087B1A1B6C710041ECF3 /* Frameworks */,
				D21B07E81A1B4AA20041ECF3 /* ModelTargets */,
				D21B07E71A1B4AA20041ECF3 /* Products */,
			);
			sourceTree = "<group>";
		};
		D21B07E71A1B4AA20041ECF3 /* Products */ = {
			isa = PBXGroup;
			children = (
				D21B07E61A1B4AA20041ECF3 /* ModelTargets.app */,
			);
			name = Products;
			sourceTree = "<group>";
		};
		D21B07E81A1B4AA20041ECF3 /* ModelTargets */ = {
			isa = PBXGroup;
			children = (
				D21B08111A1B4C500041ECF3 /* Classes */,
				D21B08151A1B4D2A0041ECF3 /* Resources */,
				D21B07F61A1B4AA20041ECF3 /* Images.xcassets */,
				FBEFAEC61A8283F8002B4D62 /* Main.storyboard */,
				D21B07E91A1B4AA20041ECF3 /* Supporting Files */,
			);
			path = ModelTargets;
			sourceTree = "<group>";
		};
		D21B07E91A1B4AA20041ECF3 /* Supporting Files */ = {
			isa = PBXGroup;
			children = (
				18EB634B1ACC70F200EF1C28 /* Localizable.strings */,
				D21B08291A1B50E20041ECF3 /* ModelTargets-Info.plist */,
				D21B07EB1A1B4AA20041ECF3 /* main.m */,
			);
			name = "Supporting Files";
			sourceTree = "<group>";
		};
		D21B08101A1B4C2F0041ECF3 /* Features */ = {
			isa = PBXGroup;
			children = (
				FB7A42E61A8E32BE0068CF5E /* ModelTargets */,
			);
			name = Features;
			sourceTree = "<group>";
		};
		D21B08111A1B4C500041ECF3 /* Classes */ = {
			isa = PBXGroup;
			children = (
				D21B07ED1A1B4AA20041ECF3 /* ModelTargetsAppDelegate.h */,
				D21B07EE1A1B4AA20041ECF3 /* ModelTargetsAppDelegate.m */,
				D21B08101A1B4C2F0041ECF3 /* Features */,
				D21B08131A1B4C6A0041ECF3 /* SampleApplication */,
				D21B08141A1B4C860041ECF3 /* SampleAppUI */,
			);
			name = Classes;
			sourceTree = "<group>";
		};
		D21B08131A1B4C6A0041ECF3 /* SampleApplication */ = {
			isa = PBXGroup;
			children = (
				FF0FD9021E7B6DF100296068 /* v3d */,
				D21B08601A1B69900041ECF3 /* shaders */,
				D21B084F1A1B698A0041ECF3 /* Quad.h */,
				D21B08501A1B698A0041ECF3 /* SampleApplication3DModel.h */,
				D21B08511A1B698A0041ECF3 /* SampleApplication3DModel.m */,
				D21B08521A1B698A0041ECF3 /* SampleApplicationSession.h */,
				D21B08531A1B698A0041ECF3 /* SampleApplicationSession.mm */,
				D21B08541A1B698A0041ECF3 /* SampleApplicationShaderUtils.h */,
				D21B08551A1B698A0041ECF3 /* SampleApplicationShaderUtils.m */,
				D21B08561A1B698A0041ECF3 /* SampleApplicationUtils.cpp */,
				D21B08571A1B698A0041ECF3 /* SampleApplicationUtils.h */,
				D855C7D31D63DDD3007E3465 /* SampleAppRenderer.h */,
				D855C7D41D63DDD3007E3465 /* SampleAppRenderer.mm */,
				FB1024CF1A827FC000A2536F /* SampleGLResourceHandler.h */,
				D21B08581A1B698A0041ECF3 /* Teapot.h */,
				D21B08591A1B698A0041ECF3 /* Texture.h */,
				D21B085A1A1B698A0041ECF3 /* Texture.mm */,
			);
			name = SampleApplication;
			sourceTree = "<group>";
		};
		D21B08141A1B4C860041ECF3 /* SampleAppUI */ = {
			isa = PBXGroup;
			children = (
				FB1024E71A8280F100A2536F /* Transitions */,
				D21B082B1A1B555B0041ECF3 /* SampleAppAboutViewController.h */,
				D21B082C1A1B555B0041ECF3 /* SampleAppAboutViewController.m */,
				FB2F73BF1A7FD5920098C5DD /* SampleAppMenuViewController.h */,
				FB2F73C01A7FD5920098C5DD /* SampleAppMenuViewController.mm */,
				FB7A43611A8E49BA0068CF5E /* SampleAppSelectorViewController.h */,
				FB7A43621A8E49BA0068CF5E /* SampleAppSelectorViewController.m */,
			);
			name = SampleAppUI;
			sourceTree = "<group>";
		};
		D21B08151A1B4D2A0041ECF3 /* Resources */ = {
			isa = PBXGroup;
			children = (
				D21B08161A1B4D320041ECF3 /* Assets */,
			);
			name = Resources;
			sourceTree = "<group>";
		};
		D21B08161A1B4D320041ECF3 /* Assets */ = {
			isa = PBXGroup;
			children = (
				D84B1C9E1FB11B6E00A48629 /* VuforiaMars_ModelTarget.dat */,
				D84B1C9F1FB11B6E00A48629 /* VuforiaMars_ModelTarget.xml */,
				FF0FD9001E7B6DE300296068 /* Lander.v3d */,
				D84B1CA21FB247F500A48629 /* Diffuse.jpg */,
				D84B1CA41FB3AB3000A48629 /* Preview.png */,
				D8C23E7F1E2D6E6100EF6733 /* MD_about.html */,
				D8C23E7D1E29A42C00EF6733 /* MD_about.html */,
				D845C4461E5666C2000F6146 /* reset_icon.png */,
			);
			name = Assets;
			sourceTree = "<group>";
		};
		D21B08601A1B69900041ECF3 /* shaders */ = {
			isa = PBXGroup;
			children = (
				8F467BCE1D18B02E00682E4C /* Background.fragsh */,
				8F467BCF1D18B02E00682E4C /* Background.vertsh */,
				D21B08611A1B69A10041ECF3 /* Line.fragsh */,
				D21B08621A1B69A10041ECF3 /* Line.vertsh */,
				D21B08631A1B69A10041ECF3 /* Simple.fragsh */,
				D21B08641A1B69A10041ECF3 /* Simple.vertsh */,
				8F8B90281CECE153000A7BAD /* SimpleWithColor.fragsh */,
				D8E61DA21E468C9F0051EA51 /* SimpleTexturedColor.fragsh */,
				D845C4661E5E5006000F6146 /* DiffuseLight.vertsh */,
				D845C4681E5E5026000F6146 /* DiffuseLight.fragsh */,
			);
			name = shaders;
			sourceTree = "<group>";
		};
		D21B087B1A1B6C710041ECF3 /* Frameworks */ = {
			isa = PBXGroup;
			children = (
				D845C46A1E5E6152000F6146 /* GLKit.framework */,
				D28C51251A8B5BC9000B6C9A /* AudioToolbox.framework */,
				D28C51231A8B5B8C000B6C9A /* MediaPlayer.framework */,
				D21B08801A1B71190041ECF3 /* CoreMedia.framework */,
				D21B087C1A1B6E1E0041ECF3 /* CoreMotion.framework */,
				D21B087D1A1B6E1E0041ECF3 /* Foundation.framework */,
				D21B08791A1B6AEA0041ECF3 /* libVuforia.a */,
				D21B08691A1B6AD60041ECF3 /* AVFoundation.framework */,
				D21B086A1A1B6AD60041ECF3 /* CoreFoundation.framework */,
				D21B086B1A1B6AD60041ECF3 /* CoreGraphics.framework */,
				D21B086C1A1B6AD60041ECF3 /* OpenGLES.framework */,
				D21B086D1A1B6AD60041ECF3 /* QuartzCore.framework */,
				D21B086E1A1B6AD60041ECF3 /* Security.framework */,
				D21B086F1A1B6AD60041ECF3 /* SystemConfiguration.framework */,
				D21B08701A1B6AD60041ECF3 /* UIKit.framework */,
			);
			name = Frameworks;
			sourceTree = "<group>";
		};
		FB1024E71A8280F100A2536F /* Transitions */ = {
			isa = PBXGroup;
			children = (
				FB1024E81A82814000A2536F /* PresentMenuSegue.h */,
				FB1024E91A82814000A2536F /* PresentMenuSegue.m */,
				FB1024EA1A82814000A2536F /* UnwindMenuSegue.h */,
				FB1024EB1A82814000A2536F /* UnwindMenuSegue.m */,
			);
			name = Transitions;
			sourceTree = "<group>";
		};
		FB7A42E61A8E32BE0068CF5E /* ModelTargets */ = {
			isa = PBXGroup;
			children = (
				FB7A434C1A8E38AB0068CF5E /* ModelTargetsEAGLView.h */,
				FB7A434D1A8E38AB0068CF5E /* ModelTargetsEAGLView.mm */,
				FB7A434E1A8E38AB0068CF5E /* ModelTargetsViewController.h */,
				FB7A434F1A8E38AB0068CF5E /* ModelTargetsViewController.mm */,
				D8C23E8B1E2D762000EF6733 /* Cube.h */,
			);
			name = ModelTargets;
			path = Classes/Features/ModelTargets;
			sourceTree = "<group>";
		};
		FF0FD9021E7B6DF100296068 /* v3d */ = {
			isa = PBXGroup;
			children = (
				FF0FD9061E7B6E2A00296068 /* Modelv3d.mm */,
				FF0FD9071E7B6E2A00296068 /* Modelv3d.h */,
			);
			name = v3d;
			sourceTree = "<group>";
		};
/* End PBXGroup section */

/* Begin PBXNativeTarget section */
		D21B07E51A1B4AA20041ECF3 /* ModelTargets */ = {
			isa = PBXNativeTarget;
			buildConfigurationList = D21B08091A1B4AA20041ECF3 /* Build configuration list for PBXNativeTarget "ModelTargets" */;
			buildPhases = (
				D21B07E21A1B4AA20041ECF3 /* Sources */,
				D21B07E31A1B4AA20041ECF3 /* Frameworks */,
				D21B07E41A1B4AA20041ECF3 /* Resources */,
			);
			buildRules = (
			);
			dependencies = (
			);
			name = ModelTargets;
			productName = VuforiaSamples;
			productReference = D21B07E61A1B4AA20041ECF3 /* ModelTargets.app */;
			productType = "com.apple.product-type.application";
		};
/* End PBXNativeTarget section */

/* Begin PBXProject section */
		D21B07DE1A1B4AA10041ECF3 /* Project object */ = {
			isa = PBXProject;
			attributes = {
				LastUpgradeCheck = 0820;
				ORGANIZATIONNAME = PTC;
				TargetAttributes = {
					D21B07E51A1B4AA20041ECF3 = {
						CreatedOnToolsVersion = 6.1;
						DevelopmentTeam = TM9A65324H;
					};
				};
			};
			buildConfigurationList = D21B07E11A1B4AA10041ECF3 /* Build configuration list for PBXProject "ModelTargets" */;
			compatibilityVersion = "Xcode 3.2";
			developmentRegion = English;
			hasScannedForEncodings = 0;
			knownRegions = (
				en,
				Base,
			);
			mainGroup = D21B07DD1A1B4AA10041ECF3;
			productRefGroup = D21B07E71A1B4AA20041ECF3 /* Products */;
			projectDirPath = "";
			projectRoot = "";
			targets = (
				D21B07E51A1B4AA20041ECF3 /* ModelTargets */,
			);
		};
/* End PBXProject section */

/* Begin PBXResourcesBuildPhase section */
		D21B07E41A1B4AA20041ECF3 /* Resources */ = {
			isa = PBXResourcesBuildPhase;
			buildActionMask = 2147483647;
			files = (
				D845C4691E5E5026000F6146 /* DiffuseLight.fragsh in Resources */,
				FBEFAEC81A8283F8002B4D62 /* Main.storyboard in Resources */,
				D21B08671A1B69A10041ECF3 /* Simple.fragsh in Resources */,
				8F8B90291CECE153000A7BAD /* SimpleWithColor.fragsh in Resources */,
				18EB634C1ACC70F200EF1C28 /* Localizable.strings in Resources */,
				D84B1CA31FB2481D00A48629 /* Diffuse.jpg in Resources */,
				D8C23E7E1E29A42C00EF6733 /* MD_about.html in Resources */,
				D8C23E851E2D6E6100EF6733 /* MD_about.html in Resources */,
				D21B08681A1B69A10041ECF3 /* Simple.vertsh in Resources */,
				D21B08661A1B69A10041ECF3 /* Line.vertsh in Resources */,
				D845C4471E5666C2000F6146 /* reset_icon.png in Resources */,
				D845C4671E5E5006000F6146 /* DiffuseLight.vertsh in Resources */,
				FF0FD9011E7B6DE300296068 /* Lander.v3d in Resources */,
				8F467BD11D18B02E00682E4C /* Background.vertsh in Resources */,
				D21B08651A1B69A10041ECF3 /* Line.fragsh in Resources */,
				D84B1CA01FB11BD800A48629 /* VuforiaMars_ModelTarget.dat in Resources */,
				D8E61DA31E468C9F0051EA51 /* SimpleTexturedColor.fragsh in Resources */,
				D21B07F71A1B4AA20041ECF3 /* Images.xcassets in Resources */,
				8F467BD01D18B02E00682E4C /* Background.fragsh in Resources */,
				D84B1CA11FB11BDC00A48629 /* VuforiaMars_ModelTarget.xml in Resources */,
			);
			runOnlyForDeploymentPostprocessing = 0;
		};
/* End PBXResourcesBuildPhase section */

/* Begin PBXSourcesBuildPhase section */
		D21B07E21A1B4AA20041ECF3 /* Sources */ = {
			isa = PBXSourcesBuildPhase;
			buildActionMask = 2147483647;
			files = (
				D21B085E1A1B698A0041ECF3 /* SampleApplicationUtils.cpp in Sources */,
				D21B085F1A1B698A0041ECF3 /* Texture.mm in Sources */,
				D21B07EF1A1B4AA20041ECF3 /* ModelTargetsAppDelegate.m in Sources */,
				FB7A43631A8E49BA0068CF5E /* SampleAppSelectorViewController.m in Sources */,
				D21B082D1A1B555B0041ECF3 /* SampleAppAboutViewController.m in Sources */,
				FB7A43501A8E38AB0068CF5E /* ModelTargetsEAGLView.mm in Sources */,
				FB2F73C11A7FD5920098C5DD /* SampleAppMenuViewController.mm in Sources */,
				D855C7D51D63DDD3007E3465 /* SampleAppRenderer.mm in Sources */,
				D21B07EC1A1B4AA20041ECF3 /* main.m in Sources */,
				FF0FD9081E7B6E2A00296068 /* Modelv3d.mm in Sources */,
				D21B085C1A1B698A0041ECF3 /* SampleApplicationSession.mm in Sources */,
				D21B085B1A1B698A0041ECF3 /* SampleApplication3DModel.m in Sources */,
				FB1024ED1A82814000A2536F /* UnwindMenuSegue.m in Sources */,
				FB1024EC1A82814000A2536F /* PresentMenuSegue.m in Sources */,
				D21B085D1A1B698A0041ECF3 /* SampleApplicationShaderUtils.m in Sources */,
				D249EFE01A91E07100B56674 /* (null) in Sources */,
				FB7A43511A8E38AB0068CF5E /* ModelTargetsViewController.mm in Sources */,
			);
			runOnlyForDeploymentPostprocessing = 0;
		};
/* End PBXSourcesBuildPhase section */

/* Begin PBXVariantGroup section */
		FBEFAEC61A8283F8002B4D62 /* Main.storyboard */ = {
			isa = PBXVariantGroup;
			children = (
				FBEFAEC71A8283F8002B4D62 /* en */,
			);
			name = Main.storyboard;
			sourceTree = "<group>";
		};
/* End PBXVariantGroup section */

/* Begin XCBuildConfiguration section */
		D21B08071A1B4AA20041ECF3 /* Debug */ = {
			isa = XCBuildConfiguration;
			buildSettings = {
				ALWAYS_SEARCH_USER_PATHS = NO;
				CLANG_CXX_LANGUAGE_STANDARD = "gnu++0x";
				CLANG_CXX_LIBRARY = "libc++";
				CLANG_ENABLE_MODULES = YES;
				CLANG_ENABLE_OBJC_ARC = YES;
				CLANG_WARN_BOOL_CONVERSION = YES;
				CLANG_WARN_CONSTANT_CONVERSION = YES;
				CLANG_WARN_DIRECT_OBJC_ISA_USAGE = YES_ERROR;
				CLANG_WARN_EMPTY_BODY = YES;
				CLANG_WARN_ENUM_CONVERSION = YES;
				CLANG_WARN_INFINITE_RECURSION = YES;
				CLANG_WARN_INT_CONVERSION = YES;
				CLANG_WARN_OBJC_ROOT_CLASS = YES_ERROR;
				CLANG_WARN_SUSPICIOUS_MOVE = YES;
				CLANG_WARN_UNREACHABLE_CODE = YES;
				CLANG_WARN__DUPLICATE_METHOD_MATCH = YES;
				COPY_PHASE_STRIP = NO;
				ENABLE_BITCODE = NO;
				ENABLE_STRICT_OBJC_MSGSEND = YES;
				ENABLE_TESTABILITY = YES;
				GCC_C_LANGUAGE_STANDARD = gnu99;
				GCC_DYNAMIC_NO_PIC = NO;
				GCC_NO_COMMON_BLOCKS = YES;
				GCC_OPTIMIZATION_LEVEL = 0;
				GCC_PREPROCESSOR_DEFINITIONS = (
					"DEBUG=1",
					"$(inherited)",
				);
				GCC_SYMBOLS_PRIVATE_EXTERN = NO;
				GCC_WARN_64_TO_32_BIT_CONVERSION = YES;
				GCC_WARN_ABOUT_RETURN_TYPE = YES_ERROR;
				GCC_WARN_UNDECLARED_SELECTOR = YES;
				GCC_WARN_UNINITIALIZED_AUTOS = YES_AGGRESSIVE;
				GCC_WARN_UNUSED_FUNCTION = YES;
				GCC_WARN_UNUSED_VARIABLE = YES;
				IPHONEOS_DEPLOYMENT_TARGET = 9.0;
				MTL_ENABLE_DEBUG_INFO = YES;
				ONLY_ACTIVE_ARCH = YES;
				SDKROOT = iphoneos;
				TARGETED_DEVICE_FAMILY = "1,2";
				CODE_SIGN_IDENTITY = "iPhone Developer";
			};
			name = Debug;
		};
		D21B08081A1B4AA20041ECF3 /* Release */ = {
			isa = XCBuildConfiguration;
			buildSettings = {
				ALWAYS_SEARCH_USER_PATHS = NO;
				CLANG_CXX_LANGUAGE_STANDARD = "gnu++0x";
				CLANG_CXX_LIBRARY = "libc++";
				CLANG_ENABLE_MODULES = YES;
				CLANG_ENABLE_OBJC_ARC = YES;
				CLANG_WARN_BOOL_CONVERSION = YES;
				CLANG_WARN_CONSTANT_CONVERSION = YES;
				CLANG_WARN_DIRECT_OBJC_ISA_USAGE = YES_ERROR;
				CLANG_WARN_EMPTY_BODY = YES;
				CLANG_WARN_ENUM_CONVERSION = YES;
				CLANG_WARN_INFINITE_RECURSION = YES;
				CLANG_WARN_INT_CONVERSION = YES;
				CLANG_WARN_OBJC_ROOT_CLASS = YES_ERROR;
				CLANG_WARN_SUSPICIOUS_MOVE = YES;
				CLANG_WARN_UNREACHABLE_CODE = YES;
				CLANG_WARN__DUPLICATE_METHOD_MATCH = YES;
				COPY_PHASE_STRIP = YES;
				ENABLE_BITCODE = NO;
				ENABLE_NS_ASSERTIONS = NO;
				ENABLE_STRICT_OBJC_MSGSEND = YES;
				GCC_C_LANGUAGE_STANDARD = gnu99;
				GCC_NO_COMMON_BLOCKS = YES;
				GCC_WARN_64_TO_32_BIT_CONVERSION = YES;
				GCC_WARN_ABOUT_RETURN_TYPE = YES_ERROR;
				GCC_WARN_UNDECLARED_SELECTOR = YES;
				GCC_WARN_UNINITIALIZED_AUTOS = YES_AGGRESSIVE;
				GCC_WARN_UNUSED_FUNCTION = YES;
				GCC_WARN_UNUSED_VARIABLE = YES;
				IPHONEOS_DEPLOYMENT_TARGET = 9.0;
				MTL_ENABLE_DEBUG_INFO = NO;
				SDKROOT = iphoneos;
				TARGETED_DEVICE_FAMILY = "1,2";
				VALIDATE_PRODUCT = YES;
				CODE_SIGN_IDENTITY = "iPhone Developer";
			};
			name = Release;
		};
		D21B080A1A1B4AA20041ECF3 /* Debug */ = {
			isa = XCBuildConfiguration;
			buildSettings = {
				ASSETCATALOG_COMPILER_APPICON_NAME = AppIcon;
				ASSETCATALOG_COMPILER_LAUNCHIMAGE_NAME = LaunchImage;
				CLANG_CXX_LANGUAGE_STANDARD = "c++0x";
				CODE_SIGN_IDENTITY = "iPhone Developer";
				ENABLE_BITCODE = NO;
				HEADER_SEARCH_PATHS = ../../build/include;
				INFOPLIST_FILE = "ModelTargets/ModelTargets-Info.plist";
				IPHONEOS_DEPLOYMENT_TARGET = 9.0;
				LIBRARY_SEARCH_PATHS = ../../build/lib/arm;
				PRODUCT_BUNDLE_IDENTIFIER = "com.vuforia.sample.$(PRODUCT_NAME:rfc1034identifier)";
				PRODUCT_NAME = ModelTargets;
				PROVISIONING_PROFILE = "";
				TARGETED_DEVICE_FAMILY = "1,2";
				VALID_ARCHS = "armv7 arm64";
			};
			name = Debug;
		};
		D21B080B1A1B4AA20041ECF3 /* Release */ = {
			isa = XCBuildConfiguration;
			buildSettings = {
				ASSETCATALOG_COMPILER_APPICON_NAME = AppIcon;
				ASSETCATALOG_COMPILER_LAUNCHIMAGE_NAME = LaunchImage;
				CLANG_CXX_LANGUAGE_STANDARD = "c++0x";
				CODE_SIGN_IDENTITY = "iPhone Developer";
				CURRENT_PROJECT_VERSION = 21;
				ENABLE_BITCODE = NO;
				HEADER_SEARCH_PATHS = ../../build/include;
				INFOPLIST_FILE = "ModelTargets/ModelTargets-Info.plist";
				IPHONEOS_DEPLOYMENT_TARGET = 9.0;
				LIBRARY_SEARCH_PATHS = ../../build/lib/arm;
				PRODUCT_BUNDLE_IDENTIFIER = "com.vuforia.sample.$(PRODUCT_NAME:rfc1034identifier)";
				PRODUCT_NAME = ModelTargets;
				PROVISIONING_PROFILE = "";
				TARGETED_DEVICE_FAMILY = "1,2";
				VALID_ARCHS = "armv7 arm64";
			};
			name = Release;
		};
/* End XCBuildConfiguration section */

/* Begin XCConfigurationList section */
		D21B07E11A1B4AA10041ECF3 /* Build configuration list for PBXProject "ModelTargets" */ = {
			isa = XCConfigurationList;
			buildConfigurations = (
				D21B08071A1B4AA20041ECF3 /* Debug */,
				D21B08081A1B4AA20041ECF3 /* Release */,
			);
			defaultConfigurationIsVisible = 0;
			defaultConfigurationName = Release;
		};
		D21B08091A1B4AA20041ECF3 /* Build configuration list for PBXNativeTarget "ModelTargets" */ = {
			isa = XCConfigurationList;
			buildConfigurations = (
				D21B080A1A1B4AA20041ECF3 /* Debug */,
				D21B080B1A1B4AA20041ECF3 /* Release */,
			);
			defaultConfigurationIsVisible = 0;
			defaultConfigurationName = Release;
		};
/* End XCConfigurationList section */
	};
	rootObject = D21B07DE1A1B4AA10041ECF3 /* Project object */;
}
